{
  "name": "pokedex",
  "lockfileVersion": 3,
  "requires": true,
  "packages": {
    "": {
      "dependencies": {
        "@favware/graphql-pokemon": "^8.5.0"
      }
    },
    "node_modules/@favware/graphql-pokemon": {
      "version": "8.5.0",
      "resolved": "https://registry.npmjs.org/@favware/graphql-pokemon/-/graphql-pokemon-8.5.0.tgz",
      "integrity": "sha512-j83zQv+ohwpzQN49wvIkVMRyN53ZXIDDy25B1Lpty75tvIMnW3QdXcye0rNCtYhWoKBeiOobCVUU2Z3s0j0BOQ==",
      "dependencies": {
        "graphql": "^16.8.1"
      }
    },
    "node_modules/graphql": {
      "version": "16.8.1",
      "resolved": "https://registry.npmjs.org/graphql/-/graphql-16.8.1.tgz",
      "integrity": "sha512-59LZHPdGZVh695Ud9lRzPBVTtlX9ZCV150Er2W43ro37wVof0ctenSaskPPjN7lVTIN8mSZt8PHUNKZuNQUuxw==",
      "engines": {
        "node": "^12.22.0 || ^14.16.0 || ^16.0.0 || >=17.0.0"
      }
    }
  }
}
